{
    "_meta": {
        "hash": {
            "sha256": "24940fe085e7fa8e962ce54fb525f49c25b277549892b8478cdff01d8dc5dabb"
        },
        "pipfile-spec": 6,
        "requires": {
            "python_version": "3.9"
        },
        "sources": [
            {
                "name": "pypi",
                "url": "https://pypi.org/simple",
                "verify_ssl": true
            }
        ]
    },
    "default": {
        "argparse": {
            "hashes": [
                "sha256:62b089a55be1d8949cd2bc7e0df0bddb9e028faefc8c32038cc84862aefdd6e4",
                "sha256:c31647edb69fd3d465a847ea3157d37bed1f95f19760b11a47aa91c04b666314"
            ],
            "index": "pypi",
            "version": "==1.4.0"
        },
        "ffmpeg": {
            "hashes": [
                "sha256:6931692c890ff21d39938433c2189747815dca0c60ddc7f9bb97f199dba0b5b9"
            ],
            "index": "pypi",
            "version": "==1.4"
        },
        "pydub": {
            "hashes": [
                "sha256:65617e33033874b59d87db603aa1ed450633288aefead953b30bded59cb599a6",
                "sha256:980a33ce9949cab2a569606b65674d748ecbca4f0796887fd6f46173a7b0d30f"
            ],
            "index": "pypi",
            "version": "==0.25.1"
        }
    },
    "develop": {}
}
